lockfileVersion: '6.0'

settings:
  autoInstallPeers: true
  excludeLinksFromLockfile: false

dependencies:
  todomvc-app-css:
    specifier: ^2.0.0
    version: 2.4.3
  todomvc-common:
    specifier: ^1.0.0
    version: 1.0.5

packages:

  /todomvc-app-css@2.4.3:
    resolution: {integrity: sha512-mSnWZaKBWj9aQcFRsGguY/a8O8NR8GmecD48yU1rzwNemgZa/INLpIsxxMiToFGVth+uEKBrQ7IhWkaXZxwq5Q==}
    engines: {node: '>=4'}
    dev: false

  /todomvc-common@1.0.5:
    resolution: {integrity: sha512-D8kEJmxVMQIWwztEdH+WeiAfXRbbSCpgXq4NkYi+gduJ2tr8CNq7sYLfJvjpQ10KD9QxJwig57rvMbV2QAESwQ==}
    dev: false
